{
    "_readme": [
        "This file locks the dependencies of your project to a known state",
        "Read more about it at https://getcomposer.org/doc/01-basic-usage.md#composer-lock-the-lock-file",
        "This file is @generated automatically"
    ],
    "content-hash": "6066e87d60466bd6da6138eb116a16cb",
    "packages": [
        {
            "name": "altorouter/altorouter",
            "version": "v1.2.0",
            "source": {
                "type": "git",
                "url": "https://github.com/dannyvankooten/AltoRouter.git",
                "reference": "39c50092470128c12284d332bb57f306bb5b58e4"
            },
            "dist": {
                "type": "zip",
                "url": "https://api.github.com/repos/dannyvankooten/AltoRouter/zipball/39c50092470128c12284d332bb57f306bb5b58e4",
                "reference": "39c50092470128c12284d332bb57f306bb5b58e4",
                "shasum": ""
            },
            "require": {
                "php": ">=5.3.0"
            },
            "require-dev": {
                "codeclimate/php-test-reporter": "dev-master",
                "phpunit/phpunit": "4.5.*"
            },
            "type": "library",
            "autoload": {
                "classmap": [
                    "AltoRouter.php"
                ]
            },
            "notification-url": "https://packagist.org/downloads/",
            "license": [
                "MIT"
            ],
            "authors": [
                {
                    "name": "Danny van Kooten",
                    "email": "dannyvankooten@gmail.com",
                    "homepage": "http://dannyvankooten.com/"
                },
                {
                    "name": "Koen Punt",
                    "homepage": "https://github.com/koenpunt"
                },
                {
                    "name": "niahoo",
                    "homepage": "https://github.com/niahoo"
                }
            ],
            "description": "A lightning fast router for PHP",
            "homepage": "https://github.com/dannyvankooten/AltoRouter",
            "keywords": [
                "lightweight",
                "router",
                "routing"
            ],
            "time": "2015-11-30T00:47:43+00:00"
        },
        {
            "name": "aura/sql",
            "version": "2.5.1",
            "source": {
                "type": "git",
                "url": "https://github.com/auraphp/Aura.Sql.git",
                "reference": "ffc692d2037c1e8d17103ad0a128189ba6f59b96"
            },
            "dist": {
                "type": "zip",
                "url": "https://api.github.com/repos/auraphp/Aura.Sql/zipball/ffc692d2037c1e8d17103ad0a128189ba6f59b96",
                "reference": "ffc692d2037c1e8d17103ad0a128189ba6f59b96",
                "shasum": ""
            },
            "require": {
                "php": ">=5.3.0"
            },
            "type": "library",
            "extra": {
                "aura": {
                    "type": "library"
                }
            },
            "autoload": {
                "psr-4": {
                    "Aura\\Sql\\": "src/"
                }
            },
            "notification-url": "https://packagist.org/downloads/",
            "license": [
                "BSD-2-Clause"
            ],
            "authors": [
                {
                    "name": "Aura.Sql Contributors",
                    "homepage": "https://github.com/auraphp/Aura.Sql/contributors"
                }
            ],
            "description": "A PDO extension that provides lazy connections, array quoting, identifier quoting, query profiling, value binding, and convenience methods for common fetch styles. Because it extends PDO, existing code that uses PDO can use this without any changes to the existing code.",
            "homepage": "https://github.com/auraphp/Aura.Sql",
            "keywords": [
                "mysql",
                "pdo",
                "pgsql",
                "postgres",
                "postgresql",
                "sql server",
                "sqlite",
                "sqlserver",
                "sqlsrv"
            ],
            "time": "2016-10-03T20:31:07+00:00"
        },
        {
            "name": "huchim/emotion",
            "version": "dev-master",
            "source": {
                "type": "git",
                "url": "https://github.com/huchim/emotion.git",
                "reference": "10c9bc248bab057741ba33b8bf3aea65e8e51663"
            },
            "dist": {
                "type": "zip",
                "url": "https://api.github.com/repos/huchim/emotion/zipball/10c9bc248bab057741ba33b8bf3aea65e8e51663",
                "reference": "10c9bc248bab057741ba33b8bf3aea65e8e51663",
                "shasum": ""
            },
            "require": {
                "altorouter/altorouter": "^1.2",
                "aura/sql": "^2.5",
                "league/openid-connect-claims": "^1.1",
                "league/uri": "^5.0",
                "twig/twig": "^1.0"
            },
            "type": "library",
            "notification-url": "https://packagist.org/downloads/",
            "description": "Mini-framework for basic apps",
            "time": "2018-01-17T16:28:49+00:00"
        },
        {
            "name": "league/openid-connect-claims",
            "version": "1.1.0",
            "source": {
                "type": "git",
                "url": "https://github.com/thephpleague/openid-connect-claims.git",
                "reference": "94c25fafdb36d1ee462dc1e74f95709943c1d363"
            },
            "dist": {
                "type": "zip",
                "url": "https://api.github.com/repos/thephpleague/openid-connect-claims/zipball/94c25fafdb36d1ee462dc1e74f95709943c1d363",
                "reference": "94c25fafdb36d1ee462dc1e74f95709943c1d363",
                "shasum": ""
            },
            "type": "library",
            "autoload": {
                "psr-4": {
                    "League\\OpenIdConnectClaims\\": "src/"
                }
            },
            "notification-url": "https://packagist.org/downloads/",
            "license": [
                "MIT"
            ],
            "authors": [
                {
                    "name": "Alex Bilbie",
                    "email": "hello@alexbilbie.com"
                }
            ],
            "description": "An OpenID Connect ID claims set implementation",
            "homepage": "https://github.com/thephpleague/openid-connect-claims",
            "keywords": [
                "OpenID Connect",
                "OpenId",
                "auth",
                "claim",
                "jwt",
                "oauth",
                "oauth 2",
                "oauth 2.0",
                "oauth2"
            ],
            "time": "2016-05-26T14:29:18+00:00"
        },
        {
            "name": "league/uri",
            "version": "5.2.0",
            "source": {
                "type": "git",
                "url": "https://github.com/thephpleague/uri.git",
                "reference": "872194ac1ca5e51fbb9e0e5ba4d27f91aa783e82"
            },
            "dist": {
                "type": "zip",
                "url": "https://api.github.com/repos/thephpleague/uri/zipball/872194ac1ca5e51fbb9e0e5ba4d27f91aa783e82",
                "reference": "872194ac1ca5e51fbb9e0e5ba4d27f91aa783e82",
                "shasum": ""
            },
            "require": {
                "ext-fileinfo": "*",
                "ext-intl": "*",
                "ext-mbstring": "*",
                "league/uri-components": "^1.5.0",
                "league/uri-hostname-parser": "^1.0.4",
                "league/uri-interfaces": "^1.0",
                "league/uri-manipulations": "^1.3",
                "league/uri-parser": "^1.3.0",
                "league/uri-schemes": "^1.1.1",
                "php": ">=7.0.13",
                "psr/http-message": "^1.0"
            },
            "type": "metapackage",
            "extra": {
                "branch-alias": {
                    "dev-master": "5.x-dev"
                }
            },
            "notification-url": "https://packagist.org/downloads/",
            "license": [
                "MIT"
            ],
            "authors": [
                {
                    "name": "Ignace Nyamagana Butera",
                    "email": "nyamsprod@gmail.com",
                    "homepage": "https://nyamsprod.com"
                }
            ],
            "description": "URI manipulation library",
            "homepage": "http://uri.thephpleague.com",
            "keywords": [
                "data-uri",
                "file-uri",
                "ftp",
                "hostname",
                "http",
                "https",
                "middleware",
                "parse_str",
                "parse_url",
                "psr-7",
                "query-string",
                "querystring",
                "rfc3986",
                "rfc3987",
                "uri",
                "url",
                "ws"
            ],
            "time": "2017-12-01T13:36:42+00:00"
        },
        {
            "name": "league/uri-components",
            "version": "1.6.0",
            "source": {
                "type": "git",
                "url": "https://github.com/thephpleague/uri-components.git",
                "reference": "0af9cff1302a431cf404b3a1a8ac3febab642d8f"
            },
            "dist": {
                "type": "zip",
                "url": "https://api.github.com/repos/thephpleague/uri-components/zipball/0af9cff1302a431cf404b3a1a8ac3febab642d8f",
                "reference": "0af9cff1302a431cf404b3a1a8ac3febab642d8f",
                "shasum": ""
            },
            "require": {
                "ext-curl": "*",
                "ext-fileinfo": "*",
                "ext-intl": "*",
                "ext-mbstring": "*",
                "league/uri-hostname-parser": "^1.0.4",
                "php": ">=7.0"
            },
            "require-dev": {
                "friendsofphp/php-cs-fixer": "^2.3",
                "phpstan/phpstan": "^0.9.0",
                "phpunit/phpunit": "^6.0"
            },
            "type": "library",
            "extra": {
                "branch-alias": {
                    "dev-master": "1.0.x-dev"
                }
            },
            "autoload": {
                "psr-4": {
                    "League\\Uri\\": "src"
                },
                "files": [
                    "src/functions_include.php"
                ]
            },
            "notification-url": "https://packagist.org/downloads/",
            "license": [
                "MIT"
            ],
            "authors": [
                {
                    "name": "Ignace Nyamagana Butera",
                    "email": "nyamsprod@gmail.com",
                    "homepage": "https://nyamsprod.com"
                }
            ],
            "description": "URI components manipulation library",
            "homepage": "http://uri.thephpleague.com",
            "keywords": [
                "authority",
                "components",
                "fragment",
                "host",
                "path",
                "port",
                "query",
                "rfc3986",
                "scheme",
                "uri",
                "url",
                "userinfo"
            ],
            "time": "2017-12-05T11:49:24+00:00"
        },
        {
            "name": "league/uri-hostname-parser",
            "version": "1.0.4",
            "source": {
                "type": "git",
                "url": "https://github.com/thephpleague/uri-hostname-parser.git",
                "reference": "c475caaa1f0bcc88853a85e0b9f65544685a8164"
            },
            "dist": {
                "type": "zip",
                "url": "https://api.github.com/repos/thephpleague/uri-hostname-parser/zipball/c475caaa1f0bcc88853a85e0b9f65544685a8164",
                "reference": "c475caaa1f0bcc88853a85e0b9f65544685a8164",
                "shasum": ""
            },
            "require": {
                "ext-intl": "*",
                "php": ">=7.0",
                "psr/simple-cache": "^1"
            },
            "require-dev": {
                "friendsofphp/php-cs-fixer": "^2.7",
                "mikey179/vfsstream": "^1.6",
                "phpunit/phpunit": "^6.3"
            },
            "suggest": {
                "ext-curl": "To use the bundle cURL HTTP client",
                "psr/simple-cache-implementation": "To enable using other cache providers"
            },
            "bin": [
                "bin/update-psl-icann-section"
            ],
            "type": "library",
            "autoload": {
                "psr-4": {
                    "League\\Uri\\": "src"
                },
                "files": [
                    "src/functions_include.php"
                ]
            },
            "notification-url": "https://packagist.org/downloads/",
            "license": [
                "MIT"
            ],
            "authors": [
                {
                    "name": "Jeremy Kendall",
                    "homepage": "http://about.me/jeremykendall",
                    "role": "Developer"
                },
                {
                    "name": "Ignace Nyamagana Butera",
                    "homepage": "http://nyamsprod.com",
                    "role": "Developer"
                },
                {
                    "name": "Contributors",
                    "homepage": "https://github.com/phpleague/uri-hostname-parser/graphs/contributors"
                }
            ],
            "description": "ICANN base hostname parsing implemented in PHP.",
            "homepage": "https://github.com/thephphleague/uri-hostname-parser",
            "keywords": [
                "Public Suffix List",
                "domain parsing",
                "icann"
            ],
            "time": "2017-11-30T16:52:23+00:00"
        },
        {
            "name": "league/uri-interfaces",
            "version": "1.0.0",
            "source": {
                "type": "git",
                "url": "https://github.com/thephpleague/uri-interfaces.git",
                "reference": "dcc0be58e8b35a726274249e5eee053be1a56b66"
            },
            "dist": {
                "type": "zip",
                "url": "https://api.github.com/repos/thephpleague/uri-interfaces/zipball/dcc0be58e8b35a726274249e5eee053be1a56b66",
                "reference": "dcc0be58e8b35a726274249e5eee053be1a56b66",
                "shasum": ""
            },
            "require": {
                "php": ">=5.3.0"
            },
            "require-dev": {
                "friendsofphp/php-cs-fixer": "^1.0.0"
            },
            "type": "library",
            "extra": {
                "branch-alias": {
                    "dev-master": "1.0.x-dev"
                }
            },
            "autoload": {
                "psr-4": {
                    "League\\Uri\\Interfaces\\": "src/"
                }
            },
            "notification-url": "https://packagist.org/downloads/",
            "license": [
                "MIT"
            ],
            "authors": [
                {
                    "name": "Ignace Nyamagana Butera",
                    "email": "nyamsprod@gmail.com",
                    "homepage": "https://nyamsprod.com"
                }
            ],
            "description": "Common interface for URI representation",
            "homepage": "http://github.com/thephpleague/uri-interfaces",
            "keywords": [
                "rfc3986",
                "rfc3987",
                "uri",
                "url"
            ],
            "time": "2017-01-04T08:02:42+00:00"
        },
        {
            "name": "league/uri-manipulations",
            "version": "1.3.0",
            "source": {
                "type": "git",
                "url": "https://github.com/thephpleague/uri-manipulations.git",
                "reference": "e8ad43a956234a78763cc44fa16ddebeb1f4fbf4"
            },
            "dist": {
                "type": "zip",
                "url": "https://api.github.com/repos/thephpleague/uri-manipulations/zipball/e8ad43a956234a78763cc44fa16ddebeb1f4fbf4",
                "reference": "e8ad43a956234a78763cc44fa16ddebeb1f4fbf4",
                "shasum": ""
            },
            "require": {
                "league/uri-components": "^1.4.1",
                "league/uri-interfaces": "^1.0",
                "php": ">=7.0",
                "psr/http-message": "^1.0"
            },
            "require-dev": {
                "friendsofphp/php-cs-fixer": "^2.0",
                "guzzlehttp/psr7": "^1.2",
                "league/uri-schemes": "^1.0",
                "phpunit/phpunit": "^6.0",
                "zendframework/zend-diactoros": "1.4.0"
            },
            "suggest": {
                "league/uri-schemes": "Allow manipulating URI objects"
            },
            "type": "library",
            "extra": {
                "branch-alias": {
                    "dev-master": "1.0.x-dev"
                }
            },
            "autoload": {
                "psr-4": {
                    "League\\Uri\\": "src"
                },
                "files": [
                    "src/functions_include.php"
                ]
            },
            "notification-url": "https://packagist.org/downloads/",
            "license": [
                "MIT"
            ],
            "authors": [
                {
                    "name": "Ignace Nyamagana Butera",
                    "email": "nyamsprod@gmail.com",
                    "homepage": "https://nyamsprod.com"
                }
            ],
            "description": "URI manipulation library",
            "homepage": "http://url.thephpleague.com",
            "keywords": [
                "formatter",
                "manipulation",
                "manipulations",
                "middlewares",
                "modifiers",
                "psr-7",
                "references",
                "rfc3986",
                "rfc3987",
                "uri",
                "url"
            ],
            "time": "2017-11-24T08:17:41+00:00"
        },
        {
            "name": "league/uri-parser",
            "version": "1.3.0",
            "source": {
                "type": "git",
                "url": "https://github.com/thephpleague/uri-parser.git",
                "reference": "f3c99b77f0cba4446dad2eca8c57227fcda0f39b"
            },
            "dist": {
                "type": "zip",
                "url": "https://api.github.com/repos/thephpleague/uri-parser/zipball/f3c99b77f0cba4446dad2eca8c57227fcda0f39b",
                "reference": "f3c99b77f0cba4446dad2eca8c57227fcda0f39b",
                "shasum": ""
            },
            "require": {
                "ext-intl": "*",
                "php": ">=7.0.0"
            },
            "require-dev": {
                "friendsofphp/php-cs-fixer": "^2.0",
                "phpunit/phpunit": "^6.0"
            },
            "suggest": {
                "league/uri-schemes": "Allow validating and normalizing URI parsing results"
            },
            "type": "library",
            "extra": {
                "branch-alias": {
                    "dev-master": "1.x-dev"
                }
            },
            "autoload": {
                "psr-4": {
                    "League\\Uri\\": "src"
                },
                "files": [
                    "src/functions_include.php"
                ]
            },
            "notification-url": "https://packagist.org/downloads/",
            "license": [
                "MIT"
            ],
            "authors": [
                {
                    "name": "Ignace Nyamagana Butera",
                    "email": "nyamsprod@gmail.com",
                    "homepage": "https://nyamsprod.com"
                }
            ],
            "description": "userland URI parser RFC 3986 compliant",
            "homepage": "https://github.com/thephpleague/uri-parser",
            "keywords": [
                "parse_url",
                "parser",
                "rfc3986",
                "uri",
                "url"
            ],
            "time": "2017-12-01T11:53:01+00:00"
        },
        {
            "name": "league/uri-schemes",
            "version": "1.1.1",
            "source": {
                "type": "git",
                "url": "https://github.com/thephpleague/uri-schemes.git",
                "reference": "fd2448689186bfff27a112aa21d82931f4b366c5"
            },
            "dist": {
                "type": "zip",
                "url": "https://api.github.com/repos/thephpleague/uri-schemes/zipball/fd2448689186bfff27a112aa21d82931f4b366c5",
                "reference": "fd2448689186bfff27a112aa21d82931f4b366c5",
                "shasum": ""
            },
            "require": {
                "ext-fileinfo": "*",
                "ext-intl": "*",
                "ext-mbstring": "*",
                "league/uri-interfaces": "^1.0",
                "league/uri-parser": "^1.3.0",
                "php": ">=7.0.13",
                "psr/http-message": "^1.0"
            },
            "require-dev": {
                "friendsofphp/php-cs-fixer": "^2.0",
                "phpunit/phpunit": "^6.0"
            },
            "suggest": {
                "league/uri-manipulations": "Needed to easily manipulate URI objects"
            },
            "type": "library",
            "extra": {
                "branch-alias": {
                    "dev-master": "1.0.x-dev"
                }
            },
            "autoload": {
                "psr-4": {
                    "League\\Uri\\": "src"
                },
                "files": [
                    "src/functions_include.php"
                ]
            },
            "notification-url": "https://packagist.org/downloads/",
            "license": [
                "MIT"
            ],
            "authors": [
                {
                    "name": "Ignace Nyamagana Butera",
                    "email": "nyamsprod@gmail.com",
                    "homepage": "https://nyamsprod.com"
                }
            ],
            "description": "URI manipulation library",
            "homepage": "http://uri.thephpleague.com",
            "keywords": [
                "data-uri",
                "file",
                "ftp",
                "http",
                "https",
                "parse_url",
                "psr-7",
                "rfc3986",
                "uri",
                "url",
                "ws",
                "wss"
            ],
            "time": "2017-12-01T12:05:37+00:00"
        },
        {
            "name": "psr/http-message",
            "version": "1.0.1",
            "source": {
                "type": "git",
                "url": "https://github.com/php-fig/http-message.git",
                "reference": "f6561bf28d520154e4b0ec72be95418abe6d9363"
            },
            "dist": {
                "type": "zip",
                "url": "https://api.github.com/repos/php-fig/http-message/zipball/f6561bf28d520154e4b0ec72be95418abe6d9363",
                "reference": "f6561bf28d520154e4b0ec72be95418abe6d9363",
                "shasum": ""
            },
            "require": {
                "php": ">=5.3.0"
            },
            "type": "library",
            "extra": {
                "branch-alias": {
                    "dev-master": "1.0.x-dev"
                }
            },
            "autoload": {
                "psr-4": {
                    "Psr\\Http\\Message\\": "src/"
                }
            },
            "notification-url": "https://packagist.org/downloads/",
            "license": [
                "MIT"
            ],
            "authors": [
                {
                    "name": "PHP-FIG",
                    "homepage": "http://www.php-fig.org/"
                }
            ],
            "description": "Common interface for HTTP messages",
            "homepage": "https://github.com/php-fig/http-message",
            "keywords": [
                "http",
                "http-message",
                "psr",
                "psr-7",
                "request",
                "response"
            ],
            "time": "2016-08-06T14:39:51+00:00"
        },
        {
            "name": "psr/simple-cache",
            "version": "1.0.0",
            "source": {
                "type": "git",
                "url": "https://github.com/php-fig/simple-cache.git",
                "reference": "753fa598e8f3b9966c886fe13f370baa45ef0e24"
            },
            "dist": {
                "type": "zip",
                "url": "https://api.github.com/repos/php-fig/simple-cache/zipball/753fa598e8f3b9966c886fe13f370baa45ef0e24",
                "reference": "753fa598e8f3b9966c886fe13f370baa45ef0e24",
                "shasum": ""
            },
            "require": {
                "php": ">=5.3.0"
            },
            "type": "library",
            "extra": {
                "branch-alias": {
                    "dev-master": "1.0.x-dev"
                }
            },
            "autoload": {
                "psr-4": {
                    "Psr\\SimpleCache\\": "src/"
                }
            },
            "notification-url": "https://packagist.org/downloads/",
            "license": [
                "MIT"
            ],
            "authors": [
                {
                    "name": "PHP-FIG",
                    "homepage": "http://www.php-fig.org/"
                }
            ],
            "description": "Common interfaces for simple caching",
            "keywords": [
                "cache",
                "caching",
                "psr",
                "psr-16",
                "simple-cache"
            ],
            "time": "2017-01-02T13:31:39+00:00"
        },
        {
            "name": "twig/twig",
            "version": "v1.35.0",
            "source": {
                "type": "git",
                "url": "https://github.com/twigphp/Twig.git",
                "reference": "daa657073e55b0a78cce8fdd22682fddecc6385f"
            },
            "dist": {
                "type": "zip",
                "url": "https://api.github.com/repos/twigphp/Twig/zipball/daa657073e55b0a78cce8fdd22682fddecc6385f",
                "reference": "daa657073e55b0a78cce8fdd22682fddecc6385f",
                "shasum": ""
            },
            "require": {
                "php": ">=5.3.3"
            },
            "require-dev": {
                "psr/container": "^1.0",
                "symfony/debug": "~2.7",
                "symfony/phpunit-bridge": "~3.3@dev"
            },
            "type": "library",
            "extra": {
                "branch-alias": {
                    "dev-master": "1.35-dev"
                }
            },
            "autoload": {
                "psr-0": {
                    "Twig_": "lib/"
                },
                "psr-4": {
                    "Twig\\": "src/"
                }
            },
            "notification-url": "https://packagist.org/downloads/",
            "license": [
                "BSD-3-Clause"
            ],
            "authors": [
                {
                    "name": "Fabien Potencier",
                    "email": "fabien@symfony.com",
                    "homepage": "http://fabien.potencier.org",
                    "role": "Lead Developer"
                },
                {
                    "name": "Armin Ronacher",
                    "email": "armin.ronacher@active-4.com",
                    "role": "Project Founder"
                },
                {
                    "name": "Twig Team",
                    "homepage": "http://twig.sensiolabs.org/contributors",
                    "role": "Contributors"
                }
            ],
            "description": "Twig, the flexible, fast, and secure template language for PHP",
            "homepage": "http://twig.sensiolabs.org",
            "keywords": [
                "templating"
            ],
            "time": "2017-09-27T18:06:46+00:00"
        }
    ],
    "packages-dev": [],
    "aliases": [],
    "minimum-stability": "stable",
    "stability-flags": {
        "huchim/emotion": 20
    },
    "prefer-stable": false,
    "prefer-lowest": false,
    "platform": [],
    "platform-dev": []
}
